
Microsoft Visual Studio Solution File, Format Version 12.00
# Visual Studio Version 16
VisualStudioVersion = 16.0.29009.5
MinimumVisualStudioVersion = 10.0.40219.1
Project("{FAE04EC0-301F-11D3-BF4B-00C04F79EFBC}") = "NewHirePDFExtractor", "NewHirePDFExtractor\NewHirePDFExtractor.csproj", "{2400AC2C-F50A-43CA-BF89-243D984B681C}"
EndProject
Global
	GlobalSection(SolutionConfigurationPlatforms) = preSolution
		Debug|Any CPU = Debug|Any CPU
		Release|Any CPU = Release|Any CPU
	EndGlobalSection
	GlobalSection(ProjectConfigurationPlatforms) = postSolution
		{2400AC2C-F50A-43CA-BF89-243D984B681C}.Debug|Any CPU.ActiveCfg = Debug|Any CPU
		{2400AC2C-F50A-43CA-BF89-243D984B681C}.Debug|Any CPU.Build.0 = Debug|Any CPU
		{2400AC2C-F50A-43CA-BF89-243D984B681C}.Release|Any CPU.ActiveCfg = Release|Any CPU
		{2400AC2C-F50A-43CA-BF89-243D984B681C}.Release|Any CPU.Build.0 = Release|Any CPU
	EndGlobalSection
	GlobalSection(SolutionProperties) = preSolution
		HideSolutionNode = FALSE
	EndGlobalSection
	GlobalSection(ExtensibilityGlobals) = postSolution
		SolutionGuid = {5B70D6A1-CBB2-45F9-976C-90F37496167F}
	EndGlobalSection
EndGlobal
