
Microsoft Visual Studio Solution File, Format Version 12.00
# Visual Studio Version 16
VisualStudioVersion = 16.0.29009.5
MinimumVisualStudioVersion = 10.0.40219.1
Project("{FAE04EC0-301F-11D3-BF4B-00C04F79EFBC}") = "RepeatingLettersNTimes", "RepeatingLettersNTimes\RepeatingLettersNTimes.csproj", "{B10BAA0E-71CB-4138-9F6A-7A7E56253060}"
EndProject
Global
	GlobalSection(SolutionConfigurationPlatforms) = preSolution
		Debug|Any CPU = Debug|Any CPU
		Release|Any CPU = Release|Any CPU
	EndGlobalSection
	GlobalSection(ProjectConfigurationPlatforms) = postSolution
		{B10BAA0E-71CB-4138-9F6A-7A7E56253060}.Debug|Any CPU.ActiveCfg = Debug|Any CPU
		{B10BAA0E-71CB-4138-9F6A-7A7E56253060}.Debug|Any CPU.Build.0 = Debug|Any CPU
		{B10BAA0E-71CB-4138-9F6A-7A7E56253060}.Release|Any CPU.ActiveCfg = Release|Any CPU
		{B10BAA0E-71CB-4138-9F6A-7A7E56253060}.Release|Any CPU.Build.0 = Release|Any CPU
	EndGlobalSection
	GlobalSection(SolutionProperties) = preSolution
		HideSolutionNode = FALSE
	EndGlobalSection
	GlobalSection(ExtensibilityGlobals) = postSolution
		SolutionGuid = {FFA3CE89-5968-42CD-A41E-A2EB1C33D49D}
	EndGlobalSection
EndGlobal
