
Microsoft Visual Studio Solution File, Format Version 12.00
# Visual Studio Version 16
VisualStudioVersion = 16.0.29009.5
MinimumVisualStudioVersion = 10.0.40219.1
Project("{FAE04EC0-301F-11D3-BF4B-00C04F79EFBC}") = "H4ck3rSp34k", "H4ck3rSp34k\H4ck3rSp34k.csproj", "{ABB2C164-A92C-4760-A5D9-2C4D489F5405}"
EndProject
Global
	GlobalSection(SolutionConfigurationPlatforms) = preSolution
		Debug|Any CPU = Debug|Any CPU
		Release|Any CPU = Release|Any CPU
	EndGlobalSection
	GlobalSection(ProjectConfigurationPlatforms) = postSolution
		{ABB2C164-A92C-4760-A5D9-2C4D489F5405}.Debug|Any CPU.ActiveCfg = Debug|Any CPU
		{ABB2C164-A92C-4760-A5D9-2C4D489F5405}.Debug|Any CPU.Build.0 = Debug|Any CPU
		{ABB2C164-A92C-4760-A5D9-2C4D489F5405}.Release|Any CPU.ActiveCfg = Release|Any CPU
		{ABB2C164-A92C-4760-A5D9-2C4D489F5405}.Release|Any CPU.Build.0 = Release|Any CPU
	EndGlobalSection
	GlobalSection(SolutionProperties) = preSolution
		HideSolutionNode = FALSE
	EndGlobalSection
	GlobalSection(ExtensibilityGlobals) = postSolution
		SolutionGuid = {4B9F9957-47DC-49EB-A640-C8D579786EB6}
	EndGlobalSection
EndGlobal
