
Microsoft Visual Studio Solution File, Format Version 12.00
# Visual Studio Version 16
VisualStudioVersion = 16.0.28803.352
MinimumVisualStudioVersion = 10.0.40219.1
Project("{FAE04EC0-301F-11D3-BF4B-00C04F79EFBC}") = "ReverseAnArray", "ReverseAnArray\ReverseAnArray.csproj", "{3969D496-65D7-4E73-BED0-B238634547F9}"
EndProject
Global
	GlobalSection(SolutionConfigurationPlatforms) = preSolution
		Debug|Any CPU = Debug|Any CPU
		Release|Any CPU = Release|Any CPU
	EndGlobalSection
	GlobalSection(ProjectConfigurationPlatforms) = postSolution
		{3969D496-65D7-4E73-BED0-B238634547F9}.Debug|Any CPU.ActiveCfg = Debug|Any CPU
		{3969D496-65D7-4E73-BED0-B238634547F9}.Debug|Any CPU.Build.0 = Debug|Any CPU
		{3969D496-65D7-4E73-BED0-B238634547F9}.Release|Any CPU.ActiveCfg = Release|Any CPU
		{3969D496-65D7-4E73-BED0-B238634547F9}.Release|Any CPU.Build.0 = Release|Any CPU
	EndGlobalSection
	GlobalSection(SolutionProperties) = preSolution
		HideSolutionNode = FALSE
	EndGlobalSection
	GlobalSection(ExtensibilityGlobals) = postSolution
		SolutionGuid = {33D3C01B-A6B5-4B79-95A5-12F3D0626D5A}
	EndGlobalSection
EndGlobal
