
Microsoft Visual Studio Solution File, Format Version 12.00
# Visual Studio Version 16
VisualStudioVersion = 16.0.29009.5
MinimumVisualStudioVersion = 10.0.40219.1
Project("{FAE04EC0-301F-11D3-BF4B-00C04F79EFBC}") = "PalindromeDescendant", "PalindromeDescendant\PalindromeDescendant.csproj", "{0D9D7687-D095-497A-AD47-609F4AFBE67D}"
EndProject
Global
	GlobalSection(SolutionConfigurationPlatforms) = preSolution
		Debug|Any CPU = Debug|Any CPU
		Release|Any CPU = Release|Any CPU
	EndGlobalSection
	GlobalSection(ProjectConfigurationPlatforms) = postSolution
		{0D9D7687-D095-497A-AD47-609F4AFBE67D}.Debug|Any CPU.ActiveCfg = Debug|Any CPU
		{0D9D7687-D095-497A-AD47-609F4AFBE67D}.Debug|Any CPU.Build.0 = Debug|Any CPU
		{0D9D7687-D095-497A-AD47-609F4AFBE67D}.Release|Any CPU.ActiveCfg = Release|Any CPU
		{0D9D7687-D095-497A-AD47-609F4AFBE67D}.Release|Any CPU.Build.0 = Release|Any CPU
	EndGlobalSection
	GlobalSection(SolutionProperties) = preSolution
		HideSolutionNode = FALSE
	EndGlobalSection
	GlobalSection(ExtensibilityGlobals) = postSolution
		SolutionGuid = {C65BE5F3-B4E7-4A81-B4E3-C4EA601302C1}
	EndGlobalSection
EndGlobal
