
Microsoft Visual Studio Solution File, Format Version 12.00
# Visual Studio Version 16
VisualStudioVersion = 16.0.28803.352
MinimumVisualStudioVersion = 10.0.40219.1
Project("{FAE04EC0-301F-11D3-BF4B-00C04F79EFBC}") = "EnglishToPigLatinTranslator", "EnglishToPigLatinTranslator\EnglishToPigLatinTranslator.csproj", "{F257B642-2057-4343-86E4-A79FEE285CF4}"
EndProject
Global
	GlobalSection(SolutionConfigurationPlatforms) = preSolution
		Debug|Any CPU = Debug|Any CPU
		Release|Any CPU = Release|Any CPU
	EndGlobalSection
	GlobalSection(ProjectConfigurationPlatforms) = postSolution
		{F257B642-2057-4343-86E4-A79FEE285CF4}.Debug|Any CPU.ActiveCfg = Debug|Any CPU
		{F257B642-2057-4343-86E4-A79FEE285CF4}.Debug|Any CPU.Build.0 = Debug|Any CPU
		{F257B642-2057-4343-86E4-A79FEE285CF4}.Release|Any CPU.ActiveCfg = Release|Any CPU
		{F257B642-2057-4343-86E4-A79FEE285CF4}.Release|Any CPU.Build.0 = Release|Any CPU
	EndGlobalSection
	GlobalSection(SolutionProperties) = preSolution
		HideSolutionNode = FALSE
	EndGlobalSection
	GlobalSection(ExtensibilityGlobals) = postSolution
		SolutionGuid = {6A859758-0EFB-4ADC-A2FB-A5A3DB059D8E}
	EndGlobalSection
EndGlobal
