
Microsoft Visual Studio Solution File, Format Version 12.00
# Visual Studio Version 16
VisualStudioVersion = 16.0.28803.352
MinimumVisualStudioVersion = 10.0.40219.1
Project("{FAE04EC0-301F-11D3-BF4B-00C04F79EFBC}") = "HowManyVowels", "HowManyVowels\HowManyVowels.csproj", "{3E9D519C-3708-463A-B4F3-EFA8961ED6BA}"
EndProject
Global
	GlobalSection(SolutionConfigurationPlatforms) = preSolution
		Debug|Any CPU = Debug|Any CPU
		Release|Any CPU = Release|Any CPU
	EndGlobalSection
	GlobalSection(ProjectConfigurationPlatforms) = postSolution
		{3E9D519C-3708-463A-B4F3-EFA8961ED6BA}.Debug|Any CPU.ActiveCfg = Debug|Any CPU
		{3E9D519C-3708-463A-B4F3-EFA8961ED6BA}.Debug|Any CPU.Build.0 = Debug|Any CPU
		{3E9D519C-3708-463A-B4F3-EFA8961ED6BA}.Release|Any CPU.ActiveCfg = Release|Any CPU
		{3E9D519C-3708-463A-B4F3-EFA8961ED6BA}.Release|Any CPU.Build.0 = Release|Any CPU
	EndGlobalSection
	GlobalSection(SolutionProperties) = preSolution
		HideSolutionNode = FALSE
	EndGlobalSection
	GlobalSection(ExtensibilityGlobals) = postSolution
		SolutionGuid = {6A4570A2-0718-4B1C-90D6-886194748DD0}
	EndGlobalSection
EndGlobal
